
Microsoft Visual Studio Solution File, Format Version 12.00
# Visual Studio Version 16
VisualStudioVersion = 16.0.29020.237
MinimumVisualStudioVersion = 10.0.40219.1
Project("{FAE04EC0-301F-11D3-BF4B-00C04F79EFBC}") = "BB_Deob", "BB_Deob\BB_Deob.csproj", "{5A5737F3-52DC-47DE-AC5D-01FFA3E67B7C}"
EndProject
Global
	GlobalSection(SolutionConfigurationPlatforms) = preSolution
		Debug|Any CPU = Debug|Any CPU
		Release|Any CPU = Release|Any CPU
	EndGlobalSection
	GlobalSection(ProjectConfigurationPlatforms) = postSolution
		{5A5737F3-52DC-47DE-AC5D-01FFA3E67B7C}.Debug|Any CPU.ActiveCfg = Debug|Any CPU
		{5A5737F3-52DC-47DE-AC5D-01FFA3E67B7C}.Debug|Any CPU.Build.0 = Debug|Any CPU
		{5A5737F3-52DC-47DE-AC5D-01FFA3E67B7C}.Release|Any CPU.ActiveCfg = Release|Any CPU
		{5A5737F3-52DC-47DE-AC5D-01FFA3E67B7C}.Release|Any CPU.Build.0 = Release|Any CPU
	EndGlobalSection
	GlobalSection(SolutionProperties) = preSolution
		HideSolutionNode = FALSE
	EndGlobalSection
	GlobalSection(ExtensibilityGlobals) = postSolution
		SolutionGuid = {92A2AF11-AC7E-47FD-9FDE-DCA57D1B856C}
	EndGlobalSection
EndGlobal
